dependencies:
  espressif/esp-dsp:
    component_hash: ed9ac175b14e0414399a2b33c525579414b5bad19a2a67b12ea212def96f9a98
    dependencies:
    - name: idf
      require: private
      version: '>=4.2'
    source:
      registry_url: https://components.espressif.com/
      type: service
    version: 1.8.2
  idf:
    source:
      type: idf
    version: 5.4.4
  joltwallet/littlefs:
    component_hash: ded0e488095259506b631b6252d9034fd6f11cc8580e8df5fef6a93200449428
    dependencies:
    - name: idf
      require: private
      version: '>=4.3'
    source:
      registry_url: https://components.espressif.com/
      type: service
    version: 1.9.2
direct_dependencies:
- espressif/esp-dsp
- idf
- joltwallet/littlefs
manifest_hash: 66fa414cf8cae86b35ef6cdb70fbacf9900740e8bdc0bcdedc8b405bce07d4ea
target: esp32s3
version: 2.0.0
